
Microsoft Visual Studio Solution File, Format Version 12.00
# Visual Studio 15
VisualStudioVersion = 15.0.27428.2037
MinimumVisualStudioVersion = 10.0.40219.1
Project("{FAE04EC0-301F-11D3-BF4B-00C04F79EFBC}") = "FirstADOTest", "FirstADOTest\FirstADOTest.csproj", "{7BDF03E1-3AD8-4CC1-A90A-70AD40BF33FD}"
EndProject
Global
	GlobalSection(SolutionConfigurationPlatforms) = preSolution
		Debug|Any CPU = Debug|Any CPU
		Release|Any CPU = Release|Any CPU
	EndGlobalSection
	GlobalSection(ProjectConfigurationPlatforms) = postSolution
		{7BDF03E1-3AD8-4CC1-A90A-70AD40BF33FD}.Debug|Any CPU.ActiveCfg = Debug|Any CPU
		{7BDF03E1-3AD8-4CC1-A90A-70AD40BF33FD}.Debug|Any CPU.Build.0 = Debug|Any CPU
		{7BDF03E1-3AD8-4CC1-A90A-70AD40BF33FD}.Release|Any CPU.ActiveCfg = Release|Any CPU
		{7BDF03E1-3AD8-4CC1-A90A-70AD40BF33FD}.Release|Any CPU.Build.0 = Release|Any CPU
	EndGlobalSection
	GlobalSection(SolutionProperties) = preSolution
		HideSolutionNode = FALSE
	EndGlobalSection
	GlobalSection(ExtensibilityGlobals) = postSolution
		SolutionGuid = {11A4ADDC-CF62-4199-96CA-6721A75CE820}
	EndGlobalSection
EndGlobal
